// !$*UTF8*$!
{
	archiveVersion = 1;
	classes = {
	};
	objectVersion = 50;
	objects = {

/* Begin PBXBuildFile section */
		3EA565CC24D3BD6E00E2400D /* AppDelegate.swift in Sources */ = {isa = PBXBuildFile; fileRef = 3EA565CB24D3BD6E00E2400D /* AppDelegate.swift */; };
		3EA565D024D3BD6E00E2400D /* ViewController.swift in Sources */ = {isa = PBXBuildFile; fileRef = 3EA565CF24D3BD6E00E2400D /* ViewController.swift */; };
		3EA565D324D3BD6E00E2400D /* Main.storyboard in Resources */ = {isa = PBXBuildFile; fileRef = 3EA565D124D3BD6E00E2400D /* Main.storyboard */; };
		3EA565D524D3BD6F00E2400D /* Assets.xcassets in Resources */ = {isa = PBXBuildFile; fileRef = 3EA565D424D3BD6F00E2400D /* Assets.xcassets */; };
		3EA565D824D3BD6F00E2400D /* LaunchScreen.storyboard in Resources */ = {isa = PBXBuildFile; fileRef = 3EA565D624D3BD6F00E2400D /* LaunchScreen.storyboard */; };
/* End PBXBuildFile section */

/* Begin PBXFileReference section */
		3EA565C824D3BD6E00E2400D /* AppboosterSDKExample.app */ = {isa = PBXFileReference; explicitFileType = wrapper.application; includeInIndex = 0; path = AppboosterSDKExample.app; sourceTree = BUILT_PRODUCTS_DIR; };
		3EA565CB24D3BD6E00E2400D /* AppDelegate.swift */ = {isa = PBXFileReference; lastKnownFileType = sourcecode.swift; path = AppDelegate.swift; sourceTree = "<group>"; };
		3EA565CF24D3BD6E00E2400D /* ViewController.swift */ = {isa = PBXFileReference; lastKnownFileType = sourcecode.swift; path = ViewController.swift; sourceTree = "<group>"; };
		3EA565D224D3BD6E00E2400D /* Base */ = {isa = PBXFileReference; lastKnownFileType = file.storyboard; name = Base; path = Base.lproj/Main.storyboard; sourceTree = "<group>"; };
		3EA565D424D3BD6F00E2400D /* Assets.xcassets */ = {isa = PBXFileReference; lastKnownFileType = folder.assetcatalog; path = Assets.xcassets; sourceTree = "<group>"; };
		3EA565D724D3BD6F00E2400D /* Base */ = {isa = PBXFileReference; lastKnownFileType = file.storyboard; name = Base; path = Base.lproj/LaunchScreen.storyboard; sourceTree = "<group>"; };
		3EA565D924D3BD6F00E2400D /* Info.plist */ = {isa = PBXFileReference; lastKnownFileType = text.plist.xml; path = Info.plist; sourceTree = "<group>"; };
/* End PBXFileReference section */

/* Begin PBXFrameworksBuildPhase section */
		3EA565C524D3BD6E00E2400D /* Frameworks */ = {
			isa = PBXFrameworksBuildPhase;
			buildActionMask = 2147483647;
			files = (
			);
			runOnlyForDeploymentPostprocessing = 0;
		};
/* End PBXFrameworksBuildPhase section */

/* Begin PBXGroup section */
		3EA565BF24D3BD6E00E2400D = {
			isa = PBXGroup;
			children = (
				3EA565CA24D3BD6E00E2400D /* AppboosterSDKExample */,
				3EA565C924D3BD6E00E2400D /* Products */,
			);
			sourceTree = "<group>";
		};
		3EA565C924D3BD6E00E2400D /* Products */ = {
			isa = PBXGroup;
			children = (
				3EA565C824D3BD6E00E2400D /* AppboosterSDKExample.app */,
			);
			name = Products;
			sourceTree = "<group>";
		};
		3EA565CA24D3BD6E00E2400D /* AppboosterSDKExample */ = {
			isa = PBXGroup;
			children = (
				3EA565CB24D3BD6E00E2400D /* AppDelegate.swift */,
				3EA565CF24D3BD6E00E2400D /* ViewController.swift */,
				3EA565D124D3BD6E00E2400D /* Main.storyboard */,
				3EA565D424D3BD6F00E2400D /* Assets.xcassets */,
				3EA565D624D3BD6F00E2400D /* LaunchScreen.storyboard */,
				3EA565D924D3BD6F00E2400D /* Info.plist */,
			);
			path = AppboosterSDKExample;
			sourceTree = "<group>";
		};
/* End PBXGroup section */

/* Begin PBXNativeTarget section */
		3EA565C724D3BD6E00E2400D /* AppboosterSDKExample */ = {
			isa = PBXNativeTarget;
			buildConfigurationList = 3EA565DC24D3BD6F00E2400D /* Build configuration list for PBXNativeTarget "AppboosterSDKExample" */;
			buildPhases = (
				3EA565C424D3BD6E00E2400D /* Sources */,
				3EA565C524D3BD6E00E2400D /* Frameworks */,
				3EA565C624D3BD6E00E2400D /* Resources */,
			);
			buildRules = (
			);
			dependencies = (
			);
			name = AppboosterSDKExample;
			productName = AppboosterSDKExample;
			productReference = 3EA565C824D3BD6E00E2400D /* AppboosterSDKExample.app */;
			productType = "com.apple.product-type.application";
		};
/* End PBXNativeTarget section */

/* Begin PBXProject section */
		3EA565C024D3BD6E00E2400D /* Project object */ = {
			isa = PBXProject;
			attributes = {
				LastSwiftUpdateCheck = 1160;
				LastUpgradeCheck = 1160;
				ORGANIZATIONNAME = Appbooster;
				TargetAttributes = {
					3EA565C724D3BD6E00E2400D = {
						CreatedOnToolsVersion = 11.6;
					};
				};
			};
			buildConfigurationList = 3EA565C324D3BD6E00E2400D /* Build configuration list for PBXProject "AppboosterSDKExample" */;
			compatibilityVersion = "Xcode 9.3";
			developmentRegion = en;
			hasScannedForEncodings = 0;
			knownRegions = (
				en,
				Base,
			);
			mainGroup = 3EA565BF24D3BD6E00E2400D;
			productRefGroup = 3EA565C924D3BD6E00E2400D /* Products */;
			projectDirPath = "";
			projectRoot = "";
			targets = (
				3EA565C724D3BD6E00E2400D /* AppboosterSDKExample */,
			);
		};
/* End PBXProject section */

/* Begin PBXResourcesBuildPhase section */
		3EA565C624D3BD6E00E2400D /* Resources */ = {
			isa = PBXResourcesBuildPhase;
			buildActionMask = 2147483647;
			files = (
				3EA565D824D3BD6F00E2400D /* LaunchScreen.storyboard in Resources */,
				3EA565D524D3BD6F00E2400D /* Assets.xcassets in Resources */,
				3EA565D324D3BD6E00E2400D /* Main.storyboard in Resources */,
			);
			runOnlyForDeploymentPostprocessing = 0;
		};
/* End PBXResourcesBuildPhase section */

/* Begin PBXSourcesBuildPhase section */
		3EA565C424D3BD6E00E2400D /* Sources */ = {
			isa = PBXSourcesBuildPhase;
			buildActionMask = 2147483647;
			files = (
				3EA565D024D3BD6E00E2400D /* ViewController.swift in Sources */,
				3EA565CC24D3BD6E00E2400D /* AppDelegate.swift in Sources */,
			);
			runOnlyForDeploymentPostprocessing = 0;
		};
/* End PBXSourcesBuildPhase section */

/* Begin PBXVariantGroup section */
		3EA565D124D3BD6E00E2400D /* Main.storyboard */ = {
			isa = PBXVariantGroup;
			children = (
				3EA565D224D3BD6E00E2400D /* Base */,
			);
			name = Main.storyboard;
			sourceTree = "<group>";
		};
		3EA565D624D3BD6F00E2400D /* LaunchScreen.storyboard */ = {
			isa = PBXVariantGroup;
			children = (
				3EA565D724D3BD6F00E2400D /* Base */,
			);
			name = LaunchScreen.storyboard;
			sourceTree = "<group>";
		};
/* End PBXVariantGroup section */

/* Begin XCBuildConfiguration section */
		3EA565DA24D3BD6F00E2400D /* Debug */ = {
			isa = XCBuildConfiguration;
			buildSettings = {
				ALWAYS_SEARCH_USER_PATHS = NO;
				CLANG_ANALYZER_NONNULL = YES;
				CLANG_ANALYZER_NUMBER_OBJECT_CONVERSION = YES_AGGRESSIVE;
				CLANG_CXX_LANGUAGE_STANDARD = "gnu++14";
				CLANG_CXX_LIBRARY = "libc++";
				CLANG_ENABLE_MODULES = YES;
				CLANG_ENABLE_OBJC_ARC = YES;
				CLANG_ENABLE_OBJC_WEAK = YES;
				CLANG_WARN_BLOCK_CAPTURE_AUTORELEASING = YES;
				CLANG_WARN_BOOL_CONVERSION = YES;
				CLANG_WARN_COMMA = YES;
				CLANG_WARN_CONSTANT_CONVERSION = YES;
				CLANG_WARN_DEPRECATED_OBJC_IMPLEMENTATIONS = YES;
				CLANG_WARN_DIRECT_OBJC_ISA_USAGE = YES_ERROR;
				CLANG_WARN_DOCUMENTATION_COMMENTS = YES;
				CLANG_WARN_EMPTY_BODY = YES;
				CLANG_WARN_ENUM_CONVERSION = YES;
				CLANG_WARN_INFINITE_RECURSION = YES;
				CLANG_WARN_INT_CONVERSION = YES;
				CLANG_WARN_NON_LITERAL_NULL_CONVERSION = YES;
				CLANG_WARN_OBJC_IMPLICIT_RETAIN_SELF = YES;
				CLANG_WARN_OBJC_LITERAL_CONVERSION = YES;
				CLANG_WARN_OBJC_ROOT_CLASS = YES_ERROR;
				CLANG_WARN_RANGE_LOOP_ANALYSIS = YES;
				CLANG_WARN_STRICT_PROTOTYPES = YES;
				CLANG_WARN_SUSPICIOUS_MOVE = YES;
				CLANG_WARN_UNGUARDED_AVAILABILITY = YES_AGGRESSIVE;
				CLANG_WARN_UNREACHABLE_CODE = YES;
				CLANG_WARN__DUPLICATE_METHOD_MATCH = YES;
				COPY_PHASE_STRIP = NO;
				DEBUG_INFORMATION_FORMAT = dwarf;
				ENABLE_STRICT_OBJC_MSGSEND = YES;
				ENABLE_TESTABILITY = YES;
				GCC_C_LANGUAGE_STANDARD = gnu11;
				GCC_DYNAMIC_NO_PIC = NO;
				GCC_NO_COMMON_BLOCKS = YES;
				GCC_OPTIMIZATION_LEVEL = 0;
				GCC_PREPROCESSOR_DEFINITIONS = (
					"DEBUG=1",
					"$(inherited)",
				);
				GCC_WARN_64_TO_32_BIT_CONVERSION = YES;
				GCC_WARN_ABOUT_RETURN_TYPE = YES_ERROR;
				GCC_WARN_UNDECLARED_SELECTOR = YES;
				GCC_WARN_UNINITIALIZED_AUTOS = YES_AGGRESSIVE;
				GCC_WARN_UNUSED_FUNCTION = YES;
				GCC_WARN_UNUSED_VARIABLE = YES;
				IPHONEOS_DEPLOYMENT_TARGET = 13.6;
				MTL_ENABLE_DEBUG_INFO = INCLUDE_SOURCE;
				MTL_FAST_MATH = YES;
				ONLY_ACTIVE_ARCH = YES;
				SDKROOT = iphoneos;
				SWIFT_ACTIVE_COMPILATION_CONDITIONS = DEBUG;
				SWIFT_OPTIMIZATION_LEVEL = "-Onone";
			};
			name = Debug;
		};
		3EA565DB24D3BD6F00E2400D /* Release */ = {
			isa = XCBuildConfiguration;
			buildSettings = {
				ALWAYS_SEARCH_USER_PATHS = NO;
				CLANG_ANALYZER_NONNULL = YES;
				CLANG_ANALYZER_NUMBER_OBJECT_CONVERSION = YES_AGGRESSIVE;
				CLANG_CXX_LANGUAGE_STANDARD = "gnu++14";
				CLANG_CXX_LIBRARY = "libc++";
				CLANG_ENABLE_MODULES = YES;
				CLANG_ENABLE_OBJC_ARC = YES;
				CLANG_ENABLE_OBJC_WEAK = YES;
				CLANG_WARN_BLOCK_CAPTURE_AUTORELEASING = YES;
				CLANG_WARN_BOOL_CONVERSION = YES;
				CLANG_WARN_COMMA = YES;
				CLANG_WARN_CONSTANT_CONVERSION = YES;
				CLANG_WARN_DEPRECATED_OBJC_IMPLEMENTATIONS = YES;
				CLANG_WARN_DIRECT_OBJC_ISA_USAGE = YES_ERROR;
				CLANG_WARN_DOCUMENTATION_COMMENTS = YES;
				CLANG_WARN_EMPTY_BODY = YES;
				CLANG_WARN_ENUM_CONVERSION = YES;
				CLANG_WARN_INFINITE_RECURSION = YES;
				CLANG_WARN_INT_CONVERSION = YES;
				CLANG_WARN_NON_LITERAL_NULL_CONVERSION = YES;
				CLANG_WARN_OBJC_IMPLICIT_RETAIN_SELF = YES;
				CLANG_WARN_OBJC_LITERAL_CONVERSION = YES;
				CLANG_WARN_OBJC_ROOT_CLASS = YES_ERROR;
				CLANG_WARN_RANGE_LOOP_ANALYSIS = YES;
				CLANG_WARN_STRICT_PROTOTYPES = YES;
				CLANG_WARN_SUSPICIOUS_MOVE = YES;
				CLANG_WARN_UNGUARDED_AVAILABILITY = YES_AGGRESSIVE;
				CLANG_WARN_UNREACHABLE_CODE = YES;
				CLANG_WARN__DUPLICATE_METHOD_MATCH = YES;
				COPY_PHASE_STRIP = NO;
				DEBUG_INFORMATION_FORMAT = "dwarf-with-dsym";
				ENABLE_NS_ASSERTIONS = NO;
				ENABLE_STRICT_OBJC_MSGSEND = YES;
				GCC_C_LANGUAGE_STANDARD = gnu11;
				GCC_NO_COMMON_BLOCKS = YES;
				GCC_WARN_64_TO_32_BIT_CONVERSION = YES;
				GCC_WARN_ABOUT_RETURN_TYPE = YES_ERROR;
				GCC_WARN_UNDECLARED_SELECTOR = YES;
				GCC_WARN_UNINITIALIZED_AUTOS = YES_AGGRESSIVE;
				GCC_WARN_UNUSED_FUNCTION = YES;
				GCC_WARN_UNUSED_VARIABLE = YES;
				IPHONEOS_DEPLOYMENT_TARGET = 13.6;
				MTL_ENABLE_DEBUG_INFO = NO;
				MTL_FAST_MATH = YES;
				SDKROOT = iphoneos;
				SWIFT_COMPILATION_MODE = wholemodule;
				SWIFT_OPTIMIZATION_LEVEL = "-O";
				VALIDATE_PRODUCT = YES;
			};
			name = Release;
		};
		3EA565DD24D3BD6F00E2400D /* Debug */ = {
			isa = XCBuildConfiguration;
			buildSettings = {
				ASSETCATALOG_COMPILER_APPICON_NAME = AppIcon;
				CODE_SIGN_STYLE = Automatic;
				DEVELOPMENT_TEAM = YY7V82P89Q;
				INFOPLIST_FILE = AppboosterSDKExample/Info.plist;
				IPHONEOS_DEPLOYMENT_TARGET = 11.0;
				LD_RUNPATH_SEARCH_PATHS = (
					"$(inherited)",
					"@executable_path/Frameworks",
				);
				PRODUCT_BUNDLE_IDENTIFIER = Appbooster.AppboosterSDKExample;
				PRODUCT_NAME = "$(TARGET_NAME)";
				SWIFT_VERSION = 5.0;
				TARGETED_DEVICE_FAMILY = 1;
			};
			name = Debug;
		};
		3EA565DE24D3BD6F00E2400D /* Release */ = {
			isa = XCBuildConfiguration;
			buildSettings = {
				ASSETCATALOG_COMPILER_APPICON_NAME = AppIcon;
				CODE_SIGN_STYLE = Automatic;
				DEVELOPMENT_TEAM = YY7V82P89Q;
				INFOPLIST_FILE = AppboosterSDKExample/Info.plist;
				IPHONEOS_DEPLOYMENT_TARGET = 11.0;
				LD_RUNPATH_SEARCH_PATHS = (
					"$(inherited)",
					"@executable_path/Frameworks",
				);
				PRODUCT_BUNDLE_IDENTIFIER = Appbooster.AppboosterSDKExample;
				PRODUCT_NAME = "$(TARGET_NAME)";
				SWIFT_VERSION = 5.0;
				TARGETED_DEVICE_FAMILY = 1;
			};
			name = Release;
		};
/* End XCBuildConfiguration section */

/* Begin XCConfigurationList section */
		3EA565C324D3BD6E00E2400D /* Build configuration list for PBXProject "AppboosterSDKExample" */ = {
			isa = XCConfigurationList;
			buildConfigurations = (
				3EA565DA24D3BD6F00E2400D /* Debug */,
				3EA565DB24D3BD6F00E2400D /* Release */,
			);
			defaultConfigurationIsVisible = 0;
			defaultConfigurationName = Release;
		};
		3EA565DC24D3BD6F00E2400D /* Build configuration list for PBXNativeTarget "AppboosterSDKExample" */ = {
			isa = XCConfigurationList;
			buildConfigurations = (
				3EA565DD24D3BD6F00E2400D /* Debug */,
				3EA565DE24D3BD6F00E2400D /* Release */,
			);
			defaultConfigurationIsVisible = 0;
			defaultConfigurationName = Release;
		};
/* End XCConfigurationList section */
	};
	rootObject = 3EA565C024D3BD6E00E2400D /* Project object */;
}
